// !$*UTF8*$!
{
	archiveVersion = 1;
	classes = {
	};
	objectVersion = 46;
	objects = {

/* Begin PBXBuildFile section */
		3F62CCE41D5DC64400F9A22E /* AppDelegate.swift in Sources */ = {isa = PBXBuildFile; fileRef = 3F62CCE31D5DC64400F9A22E /* AppDelegate.swift */; };
		3F62CCE61D5DC64400F9A22E /* ViewController.swift in Sources */ = {isa = PBXBuildFile; fileRef = 3F62CCE51D5DC64400F9A22E /* ViewController.swift */; };
		3F62CCE91D5DC64400F9A22E /* Main.storyboard in Resources */ = {isa = PBXBuildFile; fileRef = 3F62CCE71D5DC64400F9A22E /* Main.storyboard */; };
		3F62CCEB1D5DC64400F9A22E /* Assets.xcassets in Resources */ = {isa = PBXBuildFile; fileRef = 3F62CCEA1D5DC64400F9A22E /* Assets.xcassets */; };
		3F62CCEE1D5DC64400F9A22E /* LaunchScreen.storyboard in Resources */ = {isa = PBXBuildFile; fileRef = 3F62CCEC1D5DC64400F9A22E /* LaunchScreen.storyboard */; };
		3F62CD071D5DC98900F9A22E /* FirebaseAnalytics.framework in Frameworks */ = {isa = PBXBuildFile; fileRef = 3F62CD021D5DC98900F9A22E /* FirebaseAnalytics.framework */; };
		3F62CD081D5DC98900F9A22E /* FirebaseInstanceID.framework in Frameworks */ = {isa = PBXBuildFile; fileRef = 3F62CD031D5DC98900F9A22E /* FirebaseInstanceID.framework */; };
		3F62CD091D5DC98900F9A22E /* GoogleInterchangeUtilities.framework in Frameworks */ = {isa = PBXBuildFile; fileRef = 3F62CD041D5DC98900F9A22E /* GoogleInterchangeUtilities.framework */; };
		3F62CD0A1D5DC98900F9A22E /* GoogleSymbolUtilities.framework in Frameworks */ = {isa = PBXBuildFile; fileRef = 3F62CD051D5DC98900F9A22E /* GoogleSymbolUtilities.framework */; };
		3F62CD0B1D5DC98900F9A22E /* GoogleUtilities.framework in Frameworks */ = {isa = PBXBuildFile; fileRef = 3F62CD061D5DC98900F9A22E /* GoogleUtilities.framework */; };
/* End PBXBuildFile section */

/* Begin PBXFileReference section */
		3F62CCE01D5DC64400F9A22E /* FirebaseNoPods.app */ = {isa = PBXFileReference; explicitFileType = wrapper.application; includeInIndex = 0; path = FirebaseNoPods.app; sourceTree = BUILT_PRODUCTS_DIR; };
		3F62CCE31D5DC64400F9A22E /* AppDelegate.swift */ = {isa = PBXFileReference; lastKnownFileType = sourcecode.swift; path = AppDelegate.swift; sourceTree = "<group>"; };
		3F62CCE51D5DC64400F9A22E /* ViewController.swift */ = {isa = PBXFileReference; lastKnownFileType = sourcecode.swift; path = ViewController.swift; sourceTree = "<group>"; };
		3F62CCE81D5DC64400F9A22E /* Base */ = {isa = PBXFileReference; lastKnownFileType = file.storyboard; name = Base; path = Base.lproj/Main.storyboard; sourceTree = "<group>"; };
		3F62CCEA1D5DC64400F9A22E /* Assets.xcassets */ = {isa = PBXFileReference; lastKnownFileType = folder.assetcatalog; path = Assets.xcassets; sourceTree = "<group>"; };
		3F62CCED1D5DC64400F9A22E /* Base */ = {isa = PBXFileReference; lastKnownFileType = file.storyboard; name = Base; path = Base.lproj/LaunchScreen.storyboard; sourceTree = "<group>"; };
		3F62CCEF1D5DC64400F9A22E /* Info.plist */ = {isa = PBXFileReference; lastKnownFileType = text.plist.xml; path = Info.plist; sourceTree = "<group>"; };
		3F62CD021D5DC98900F9A22E /* FirebaseAnalytics.framework */ = {isa = PBXFileReference; lastKnownFileType = wrapper.framework; name = FirebaseAnalytics.framework; path = Firebase/Analytics/FirebaseAnalytics.framework; sourceTree = "<group>"; };
		3F62CD031D5DC98900F9A22E /* FirebaseInstanceID.framework */ = {isa = PBXFileReference; lastKnownFileType = wrapper.framework; name = FirebaseInstanceID.framework; path = Firebase/Analytics/FirebaseInstanceID.framework; sourceTree = "<group>"; };
		3F62CD041D5DC98900F9A22E /* GoogleInterchangeUtilities.framework */ = {isa = PBXFileReference; lastKnownFileType = wrapper.framework; name = GoogleInterchangeUtilities.framework; path = Firebase/Analytics/GoogleInterchangeUtilities.framework; sourceTree = "<group>"; };
		3F62CD051D5DC98900F9A22E /* GoogleSymbolUtilities.framework */ = {isa = PBXFileReference; lastKnownFileType = wrapper.framework; name = GoogleSymbolUtilities.framework; path = Firebase/Analytics/GoogleSymbolUtilities.framework; sourceTree = "<group>"; };
		3F62CD061D5DC98900F9A22E /* GoogleUtilities.framework */ = {isa = PBXFileReference; lastKnownFileType = wrapper.framework; name = GoogleUtilities.framework; path = Firebase/Analytics/GoogleUtilities.framework; sourceTree = "<group>"; };
/* End PBXFileReference section */

/* Begin PBXFrameworksBuildPhase section */
		3F62CCDD1D5DC64400F9A22E /* Frameworks */ = {
			isa = PBXFrameworksBuildPhase;
			buildActionMask = 2147483647;
			files = (
				3F62CD071D5DC98900F9A22E /* FirebaseAnalytics.framework in Frameworks */,
				3F62CD081D5DC98900F9A22E /* FirebaseInstanceID.framework in Frameworks */,
				3F62CD091D5DC98900F9A22E /* GoogleInterchangeUtilities.framework in Frameworks */,
				3F62CD0A1D5DC98900F9A22E /* GoogleSymbolUtilities.framework in Frameworks */,
				3F62CD0B1D5DC98900F9A22E /* GoogleUtilities.framework in Frameworks */,
			);
			runOnlyForDeploymentPostprocessing = 0;
		};
/* End PBXFrameworksBuildPhase section */

/* Begin PBXGroup section */
		3F62CCD71D5DC64400F9A22E = {
			isa = PBXGroup;
			children = (
				3F62CD001D5DC8C400F9A22E /* Frameworks */,
				3F62CCE21D5DC64400F9A22E /* FirebaseNoPods */,
				3F62CCE11D5DC64400F9A22E /* Products */,
			);
			sourceTree = "<group>";
		};
		3F62CCE11D5DC64400F9A22E /* Products */ = {
			isa = PBXGroup;
			children = (
				3F62CCE01D5DC64400F9A22E /* FirebaseNoPods.app */,
			);
			name = Products;
			sourceTree = "<group>";
		};
		3F62CCE21D5DC64400F9A22E /* FirebaseNoPods */ = {
			isa = PBXGroup;
			children = (
				3F62CCE31D5DC64400F9A22E /* AppDelegate.swift */,
				3F62CCE51D5DC64400F9A22E /* ViewController.swift */,
				3F62CCE71D5DC64400F9A22E /* Main.storyboard */,
				3F62CCEA1D5DC64400F9A22E /* Assets.xcassets */,
				3F62CCEC1D5DC64400F9A22E /* LaunchScreen.storyboard */,
				3F62CCEF1D5DC64400F9A22E /* Info.plist */,
			);
			path = FirebaseNoPods;
			sourceTree = "<group>";
		};
		3F62CCFF1D5DC8BB00F9A22E /* Analytics */ = {
			isa = PBXGroup;
			children = (
				3F62CD021D5DC98900F9A22E /* FirebaseAnalytics.framework */,
				3F62CD031D5DC98900F9A22E /* FirebaseInstanceID.framework */,
				3F62CD041D5DC98900F9A22E /* GoogleInterchangeUtilities.framework */,
				3F62CD051D5DC98900F9A22E /* GoogleSymbolUtilities.framework */,
				3F62CD061D5DC98900F9A22E /* GoogleUtilities.framework */,
			);
			name = Analytics;
			sourceTree = "<group>";
		};
		3F62CD001D5DC8C400F9A22E /* Frameworks */ = {
			isa = PBXGroup;
			children = (
				3F62CD011D5DC8D900F9A22E /* Firebase */,
			);
			name = Frameworks;
			sourceTree = "<group>";
		};
		3F62CD011D5DC8D900F9A22E /* Firebase */ = {
			isa = PBXGroup;
			children = (
				3F62CCFF1D5DC8BB00F9A22E /* Analytics */,
			);
			name = Firebase;
			sourceTree = "<group>";
		};
/* End PBXGroup section */

/* Begin PBXNativeTarget section */
		3F62CCDF1D5DC64400F9A22E /* FirebaseNoPods */ = {
			isa = PBXNativeTarget;
			buildConfigurationList = 3F62CCF21D5DC64400F9A22E /* Build configuration list for PBXNativeTarget "FirebaseNoPods" */;
			buildPhases = (
				3F62CCDC1D5DC64400F9A22E /* Sources */,
				3F62CCDD1D5DC64400F9A22E /* Frameworks */,
				3F62CCDE1D5DC64400F9A22E /* Resources */,
			);
			buildRules = (
			);
			dependencies = (
			);
			name = FirebaseNoPods;
			productName = FirebaseNoPods;
			productReference = 3F62CCE01D5DC64400F9A22E /* FirebaseNoPods.app */;
			productType = "com.apple.product-type.application";
		};
/* End PBXNativeTarget section */

/* Begin PBXProject section */
		3F62CCD81D5DC64400F9A22E /* Project object */ = {
			isa = PBXProject;
			attributes = {
				LastSwiftUpdateCheck = 0730;
				LastUpgradeCheck = 0730;
				ORGANIZATIONNAME = mokacoding;
				TargetAttributes = {
					3F62CCDF1D5DC64400F9A22E = {
						CreatedOnToolsVersion = 7.3.1;
					};
				};
			};
			buildConfigurationList = 3F62CCDB1D5DC64400F9A22E /* Build configuration list for PBXProject "FirebaseNoPods" */;
			compatibilityVersion = "Xcode 3.2";
			developmentRegion = English;
			hasScannedForEncodings = 0;
			knownRegions = (
				en,
				Base,
			);
			mainGroup = 3F62CCD71D5DC64400F9A22E;
			productRefGroup = 3F62CCE11D5DC64400F9A22E /* Products */;
			projectDirPath = "";
			projectRoot = "";
			targets = (
				3F62CCDF1D5DC64400F9A22E /* FirebaseNoPods */,
			);
		};
/* End PBXProject section */

/* Begin PBXResourcesBuildPhase section */
		3F62CCDE1D5DC64400F9A22E /* Resources */ = {
			isa = PBXResourcesBuildPhase;
			buildActionMask = 2147483647;
			files = (
				3F62CCEE1D5DC64400F9A22E /* LaunchScreen.storyboard in Resources */,
				3F62CCEB1D5DC64400F9A22E /* Assets.xcassets in Resources */,
				3F62CCE91D5DC64400F9A22E /* Main.storyboard in Resources */,
			);
			runOnlyForDeploymentPostprocessing = 0;
		};
/* End PBXResourcesBuildPhase section */

/* Begin PBXSourcesBuildPhase section */
		3F62CCDC1D5DC64400F9A22E /* Sources */ = {
			isa = PBXSourcesBuildPhase;
			buildActionMask = 2147483647;
			files = (
				3F62CCE61D5DC64400F9A22E /* ViewController.swift in Sources */,
				3F62CCE41D5DC64400F9A22E /* AppDelegate.swift in Sources */,
			);
			runOnlyForDeploymentPostprocessing = 0;
		};
/* End PBXSourcesBuildPhase section */

/* Begin PBXVariantGroup section */
		3F62CCE71D5DC64400F9A22E /* Main.storyboard */ = {
			isa = PBXVariantGroup;
			children = (
				3F62CCE81D5DC64400F9A22E /* Base */,
			);
			name = Main.storyboard;
			sourceTree = "<group>";
		};
		3F62CCEC1D5DC64400F9A22E /* LaunchScreen.storyboard */ = {
			isa = PBXVariantGroup;
			children = (
				3F62CCED1D5DC64400F9A22E /* Base */,
			);
			name = LaunchScreen.storyboard;
			sourceTree = "<group>";
		};
/* End PBXVariantGroup section */

/* Begin XCBuildConfiguration section */
		3F62CCF01D5DC64400F9A22E /* Debug */ = {
			isa = XCBuildConfiguration;
			buildSettings = {
				ALWAYS_SEARCH_USER_PATHS = NO;
				CLANG_ANALYZER_NONNULL = YES;
				CLANG_CXX_LANGUAGE_STANDARD = "gnu++0x";
				CLANG_CXX_LIBRARY = "libc++";
				CLANG_ENABLE_MODULES = YES;
				CLANG_ENABLE_OBJC_ARC = YES;
				CLANG_WARN_BOOL_CONVERSION = YES;
				CLANG_WARN_CONSTANT_CONVERSION = YES;
				CLANG_WARN_DIRECT_OBJC_ISA_USAGE = YES_ERROR;
				CLANG_WARN_EMPTY_BODY = YES;
				CLANG_WARN_ENUM_CONVERSION = YES;
				CLANG_WARN_INT_CONVERSION = YES;
				CLANG_WARN_OBJC_ROOT_CLASS = YES_ERROR;
				CLANG_WARN_UNREACHABLE_CODE = YES;
				CLANG_WARN__DUPLICATE_METHOD_MATCH = YES;
				"CODE_SIGN_IDENTITY[sdk=iphoneos*]" = "iPhone Developer";
				COPY_PHASE_STRIP = NO;
				DEBUG_INFORMATION_FORMAT = dwarf;
				ENABLE_STRICT_OBJC_MSGSEND = YES;
				ENABLE_TESTABILITY = YES;
				GCC_C_LANGUAGE_STANDARD = gnu99;
				GCC_DYNAMIC_NO_PIC = NO;
				GCC_NO_COMMON_BLOCKS = YES;
				GCC_OPTIMIZATION_LEVEL = 0;
				GCC_PREPROCESSOR_DEFINITIONS = (
					"DEBUG=1",
					"$(inherited)",
				);
				GCC_WARN_64_TO_32_BIT_CONVERSION = YES;
				GCC_WARN_ABOUT_RETURN_TYPE = YES_ERROR;
				GCC_WARN_UNDECLARED_SELECTOR = YES;
				GCC_WARN_UNINITIALIZED_AUTOS = YES_AGGRESSIVE;
				GCC_WARN_UNUSED_FUNCTION = YES;
				GCC_WARN_UNUSED_VARIABLE = YES;
				IPHONEOS_DEPLOYMENT_TARGET = 9.3;
				MTL_ENABLE_DEBUG_INFO = YES;
				ONLY_ACTIVE_ARCH = YES;
				SDKROOT = iphoneos;
				SWIFT_OPTIMIZATION_LEVEL = "-Onone";
				TARGETED_DEVICE_FAMILY = "1,2";
			};
			name = Debug;
		};
		3F62CCF11D5DC64400F9A22E /* Release */ = {
			isa = XCBuildConfiguration;
			buildSettings = {
				ALWAYS_SEARCH_USER_PATHS = NO;
				CLANG_ANALYZER_NONNULL = YES;
				CLANG_CXX_LANGUAGE_STANDARD = "gnu++0x";
				CLANG_CXX_LIBRARY = "libc++";
				CLANG_ENABLE_MODULES = YES;
				CLANG_ENABLE_OBJC_ARC = YES;
				CLANG_WARN_BOOL_CONVERSION = YES;
				CLANG_WARN_CONSTANT_CONVERSION = YES;
				CLANG_WARN_DIRECT_OBJC_ISA_USAGE = YES_ERROR;
				CLANG_WARN_EMPTY_BODY = YES;
				CLANG_WARN_ENUM_CONVERSION = YES;
				CLANG_WARN_INT_CONVERSION = YES;
				CLANG_WARN_OBJC_ROOT_CLASS = YES_ERROR;
				CLANG_WARN_UNREACHABLE_CODE = YES;
				CLANG_WARN__DUPLICATE_METHOD_MATCH = YES;
				"CODE_SIGN_IDENTITY[sdk=iphoneos*]" = "iPhone Developer";
				COPY_PHASE_STRIP = NO;
				DEBUG_INFORMATION_FORMAT = "dwarf-with-dsym";
				ENABLE_NS_ASSERTIONS = NO;
				ENABLE_STRICT_OBJC_MSGSEND = YES;
				GCC_C_LANGUAGE_STANDARD = gnu99;
				GCC_NO_COMMON_BLOCKS = YES;
				GCC_WARN_64_TO_32_BIT_CONVERSION = YES;
				GCC_WARN_ABOUT_RETURN_TYPE = YES_ERROR;
				GCC_WARN_UNDECLARED_SELECTOR = YES;
				GCC_WARN_UNINITIALIZED_AUTOS = YES_AGGRESSIVE;
				GCC_WARN_UNUSED_FUNCTION = YES;
				GCC_WARN_UNUSED_VARIABLE = YES;
				IPHONEOS_DEPLOYMENT_TARGET = 9.3;
				MTL_ENABLE_DEBUG_INFO = NO;
				SDKROOT = iphoneos;
				TARGETED_DEVICE_FAMILY = "1,2";
				VALIDATE_PRODUCT = YES;
			};
			name = Release;
		};
		3F62CCF31D5DC64400F9A22E /* Debug */ = {
			isa = XCBuildConfiguration;
			buildSettings = {
				ASSETCATALOG_COMPILER_APPICON_NAME = AppIcon;
				FRAMEWORK_SEARCH_PATHS = (
					"$(inherited)",
					"$(PROJECT_DIR)/Firebase/Analytics",
				);
				INFOPLIST_FILE = FirebaseNoPods/Info.plist;
				LD_RUNPATH_SEARCH_PATHS = "$(inherited) @executable_path/Frameworks";
				PRODUCT_BUNDLE_IDENTIFIER = com.mokacoding.FirebaseNoPods;
				PRODUCT_NAME = "$(TARGET_NAME)";
			};
			name = Debug;
		};
		3F62CCF41D5DC64400F9A22E /* Release */ = {
			isa = XCBuildConfiguration;
			buildSettings = {
				ASSETCATALOG_COMPILER_APPICON_NAME = AppIcon;
				FRAMEWORK_SEARCH_PATHS = (
					"$(inherited)",
					"$(PROJECT_DIR)/Firebase/Analytics",
				);
				INFOPLIST_FILE = FirebaseNoPods/Info.plist;
				LD_RUNPATH_SEARCH_PATHS = "$(inherited) @executable_path/Frameworks";
				PRODUCT_BUNDLE_IDENTIFIER = com.mokacoding.FirebaseNoPods;
				PRODUCT_NAME = "$(TARGET_NAME)";
			};
			name = Release;
		};
/* End XCBuildConfiguration section */

/* Begin XCConfigurationList section */
		3F62CCDB1D5DC64400F9A22E /* Build configuration list for PBXProject "FirebaseNoPods" */ = {
			isa = XCConfigurationList;
			buildConfigurations = (
				3F62CCF01D5DC64400F9A22E /* Debug */,
				3F62CCF11D5DC64400F9A22E /* Release */,
			);
			defaultConfigurationIsVisible = 0;
			defaultConfigurationName = Release;
		};
		3F62CCF21D5DC64400F9A22E /* Build configuration list for PBXNativeTarget "FirebaseNoPods" */ = {
			isa = XCConfigurationList;
			buildConfigurations = (
				3F62CCF31D5DC64400F9A22E /* Debug */,
				3F62CCF41D5DC64400F9A22E /* Release */,
			);
			defaultConfigurationIsVisible = 0;
		};
/* End XCConfigurationList section */
	};
	rootObject = 3F62CCD81D5DC64400F9A22E /* Project object */;
}
